
Microsoft Visual Studio Solution File, Format Version 12.00
# Visual Studio Version 17
VisualStudioVersion = 17.3.32804.467
MinimumVisualStudioVersion = 10.0.40219.1
Project("{FAE04EC0-301F-11D3-BF4B-00C04F79EFBC}") = "CreateMods", "CreateMods\CreateMods.csproj", "{BBE0D393-78F7-46A5-A9B4-6F3A551D23F9}"
EndProject
Global
	GlobalSection(SolutionConfigurationPlatforms) = preSolution
		Debug|Any CPU = Debug|Any CPU
		Release|Any CPU = Release|Any CPU
	EndGlobalSection
	GlobalSection(ProjectConfigurationPlatforms) = postSolution
		{BBE0D393-78F7-46A5-A9B4-6F3A551D23F9}.Debug|Any CPU.ActiveCfg = Debug|Any CPU
		{BBE0D393-78F7-46A5-A9B4-6F3A551D23F9}.Debug|Any CPU.Build.0 = Debug|Any CPU
		{BBE0D393-78F7-46A5-A9B4-6F3A551D23F9}.Release|Any CPU.ActiveCfg = Release|Any CPU
		{BBE0D393-78F7-46A5-A9B4-6F3A551D23F9}.Release|Any CPU.Build.0 = Release|Any CPU
	EndGlobalSection
	GlobalSection(SolutionProperties) = preSolution
		HideSolutionNode = FALSE
	EndGlobalSection
	GlobalSection(ExtensibilityGlobals) = postSolution
		SolutionGuid = {F7902B78-ADEE-498A-89A1-FB644F473CAF}
	EndGlobalSection
EndGlobal
